// !$*UTF8*$!
{
	archiveVersion = 1;
	classes = {
	};
	objectVersion = 46;
	objects = {

/* Begin PBXBuildFile section */
		6607D4661D35E7790065B5BF /* main.m in Sources */ = {isa = PBXBuildFile; fileRef = 6607D4651D35E7790065B5BF /* main.m */; };
		6607D4691D35E7790065B5BF /* AppDelegate.m in Sources */ = {isa = PBXBuildFile; fileRef = 6607D4681D35E7790065B5BF /* AppDelegate.m */; };
		6607D46F1D35E7790065B5BF /* Main.storyboard in Resources */ = {isa = PBXBuildFile; fileRef = 6607D46D1D35E7790065B5BF /* Main.storyboard */; };
		6607D4711D35E7790065B5BF /* Assets.xcassets in Resources */ = {isa = PBXBuildFile; fileRef = 6607D4701D35E7790065B5BF /* Assets.xcassets */; };
		6607D4741D35E7790065B5BF /* LaunchScreen.storyboard in Resources */ = {isa = PBXBuildFile; fileRef = 6607D4721D35E7790065B5BF /* LaunchScreen.storyboard */; };
		6607D4811D35E79C0065B5BF /* SettingMainViewController.m in Sources */ = {isa = PBXBuildFile; fileRef = 6607D47C1D35E79C0065B5BF /* SettingMainViewController.m */; };
		6607D4821D35E79C0065B5BF /* SettingMainViewController.xib in Resources */ = {isa = PBXBuildFile; fileRef = 6607D47D1D35E79C0065B5BF /* SettingMainViewController.xib */; };
		6607D4C81D35E8260065B5BF /* EMSBLEManager.m in Sources */ = {isa = PBXBuildFile; fileRef = 6607D4C71D35E8260065B5BF /* EMSBLEManager.m */; };
		668374FC1F99E20B00E3BFC2 /* BLEUtility.m in Sources */ = {isa = PBXBuildFile; fileRef = 668374FB1F99E20B00E3BFC2 /* BLEUtility.m */; };
		66A5D16A1D49D7370026C7BE /* AVFoundation.framework in Frameworks */ = {isa = PBXBuildFile; fileRef = 66A5D1691D49D7370026C7BE /* AVFoundation.framework */; };
/* End PBXBuildFile section */

/* Begin PBXFileReference section */
		6607D4611D35E7790065B5BF /* EMSDemo.app */ = {isa = PBXFileReference; explicitFileType = wrapper.application; includeInIndex = 0; path = EMSDemo.app; sourceTree = BUILT_PRODUCTS_DIR; };
		6607D4651D35E7790065B5BF /* main.m */ = {isa = PBXFileReference; lastKnownFileType = sourcecode.c.objc; path = main.m; sourceTree = "<group>"; };
		6607D4671D35E7790065B5BF /* AppDelegate.h */ = {isa = PBXFileReference; lastKnownFileType = sourcecode.c.h; path = AppDelegate.h; sourceTree = "<group>"; };
		6607D4681D35E7790065B5BF /* AppDelegate.m */ = {isa = PBXFileReference; lastKnownFileType = sourcecode.c.objc; path = AppDelegate.m; sourceTree = "<group>"; };
		6607D46E1D35E7790065B5BF /* Base */ = {isa = PBXFileReference; lastKnownFileType = file.storyboard; name = Base; path = Base.lproj/Main.storyboard; sourceTree = "<group>"; };
		6607D4701D35E7790065B5BF /* Assets.xcassets */ = {isa = PBXFileReference; lastKnownFileType = folder.assetcatalog; path = Assets.xcassets; sourceTree = "<group>"; };
		6607D4731D35E7790065B5BF /* Base */ = {isa = PBXFileReference; lastKnownFileType = file.storyboard; name = Base; path = Base.lproj/LaunchScreen.storyboard; sourceTree = "<group>"; };
		6607D4751D35E7790065B5BF /* Info.plist */ = {isa = PBXFileReference; lastKnownFileType = text.plist.xml; path = Info.plist; sourceTree = "<group>"; };
		6607D47B1D35E79C0065B5BF /* SettingMainViewController.h */ = {isa = PBXFileReference; fileEncoding = 4; lastKnownFileType = sourcecode.c.h; path = SettingMainViewController.h; sourceTree = "<group>"; };
		6607D47C1D35E79C0065B5BF /* SettingMainViewController.m */ = {isa = PBXFileReference; fileEncoding = 4; lastKnownFileType = sourcecode.c.objc; path = SettingMainViewController.m; sourceTree = "<group>"; };
		6607D47D1D35E79C0065B5BF /* SettingMainViewController.xib */ = {isa = PBXFileReference; fileEncoding = 4; lastKnownFileType = file.xib; path = SettingMainViewController.xib; sourceTree = "<group>"; };
		6607D4C61D35E8260065B5BF /* EMSBLEManager.h */ = {isa = PBXFileReference; fileEncoding = 4; lastKnownFileType = sourcecode.c.h; path = EMSBLEManager.h; sourceTree = "<group>"; };
		6607D4C71D35E8260065B5BF /* EMSBLEManager.m */ = {isa = PBXFileReference; fileEncoding = 4; lastKnownFileType = sourcecode.c.objc; path = EMSBLEManager.m; sourceTree = "<group>"; };
		668374FA1F99E20B00E3BFC2 /* BLEUtility.h */ = {isa = PBXFileReference; fileEncoding = 4; lastKnownFileType = sourcecode.c.h; path = BLEUtility.h; sourceTree = "<group>"; };
		668374FB1F99E20B00E3BFC2 /* BLEUtility.m */ = {isa = PBXFileReference; fileEncoding = 4; lastKnownFileType = sourcecode.c.objc; path = BLEUtility.m; sourceTree = "<group>"; };
		66A5D1691D49D7370026C7BE /* AVFoundation.framework */ = {isa = PBXFileReference; lastKnownFileType = wrapper.framework; name = AVFoundation.framework; path = System/Library/Frameworks/AVFoundation.framework; sourceTree = SDKROOT; };
/* End PBXFileReference section */

/* Begin PBXFrameworksBuildPhase section */
		6607D45E1D35E7790065B5BF /* Frameworks */ = {
			isa = PBXFrameworksBuildPhase;
			buildActionMask = 2147483647;
			files = (
				66A5D16A1D49D7370026C7BE /* AVFoundation.framework in Frameworks */,
			);
			runOnlyForDeploymentPostprocessing = 0;
		};
/* End PBXFrameworksBuildPhase section */

/* Begin PBXGroup section */
		6607D4581D35E7790065B5BF = {
			isa = PBXGroup;
			children = (
				66A5D1691D49D7370026C7BE /* AVFoundation.framework */,
				6607D4631D35E7790065B5BF /* EMSDemo */,
				6607D4621D35E7790065B5BF /* Products */,
			);
			sourceTree = "<group>";
		};
		6607D4621D35E7790065B5BF /* Products */ = {
			isa = PBXGroup;
			children = (
				6607D4611D35E7790065B5BF /* EMSDemo.app */,
			);
			name = Products;
			sourceTree = "<group>";
		};
		6607D4631D35E7790065B5BF /* EMSDemo */ = {
			isa = PBXGroup;
			children = (
				6607D4C51D35E7F20065B5BF /* SDK */,
				6607D4671D35E7790065B5BF /* AppDelegate.h */,
				6607D4681D35E7790065B5BF /* AppDelegate.m */,
				6607D47B1D35E79C0065B5BF /* SettingMainViewController.h */,
				6607D47C1D35E79C0065B5BF /* SettingMainViewController.m */,
				6607D47D1D35E79C0065B5BF /* SettingMainViewController.xib */,
				6607D46D1D35E7790065B5BF /* Main.storyboard */,
				6607D4701D35E7790065B5BF /* Assets.xcassets */,
				6607D4721D35E7790065B5BF /* LaunchScreen.storyboard */,
				6607D4751D35E7790065B5BF /* Info.plist */,
				6607D4641D35E7790065B5BF /* Supporting Files */,
			);
			path = EMSDemo;
			sourceTree = "<group>";
		};
		6607D4641D35E7790065B5BF /* Supporting Files */ = {
			isa = PBXGroup;
			children = (
				6607D4651D35E7790065B5BF /* main.m */,
			);
			name = "Supporting Files";
			sourceTree = "<group>";
		};
		6607D4C51D35E7F20065B5BF /* SDK */ = {
			isa = PBXGroup;
			children = (
				668374FA1F99E20B00E3BFC2 /* BLEUtility.h */,
				668374FB1F99E20B00E3BFC2 /* BLEUtility.m */,
				6607D4C61D35E8260065B5BF /* EMSBLEManager.h */,
				6607D4C71D35E8260065B5BF /* EMSBLEManager.m */,
			);
			path = SDK;
			sourceTree = "<group>";
		};
/* End PBXGroup section */

/* Begin PBXNativeTarget section */
		6607D4601D35E7790065B5BF /* EMSDemo */ = {
			isa = PBXNativeTarget;
			buildConfigurationList = 6607D4781D35E7790065B5BF /* Build configuration list for PBXNativeTarget "EMSDemo" */;
			buildPhases = (
				6607D45D1D35E7790065B5BF /* Sources */,
				6607D45E1D35E7790065B5BF /* Frameworks */,
				6607D45F1D35E7790065B5BF /* Resources */,
			);
			buildRules = (
			);
			dependencies = (
			);
			name = EMSDemo;
			productName = EMSDemo;
			productReference = 6607D4611D35E7790065B5BF /* EMSDemo.app */;
			productType = "com.apple.product-type.application";
		};
/* End PBXNativeTarget section */

/* Begin PBXProject section */
		6607D4591D35E7790065B5BF /* Project object */ = {
			isa = PBXProject;
			attributes = {
				LastUpgradeCheck = 0730;
				ORGANIZATIONNAME = meilixun;
				TargetAttributes = {
					6607D4601D35E7790065B5BF = {
						CreatedOnToolsVersion = 7.3.1;
						DevelopmentTeam = 8TLJ533VPE;
					};
				};
			};
			buildConfigurationList = 6607D45C1D35E7790065B5BF /* Build configuration list for PBXProject "EMSDemo" */;
			compatibilityVersion = "Xcode 3.2";
			developmentRegion = English;
			hasScannedForEncodings = 0;
			knownRegions = (
				en,
				Base,
			);
			mainGroup = 6607D4581D35E7790065B5BF;
			productRefGroup = 6607D4621D35E7790065B5BF /* Products */;
			projectDirPath = "";
			projectRoot = "";
			targets = (
				6607D4601D35E7790065B5BF /* EMSDemo */,
			);
		};
/* End PBXProject section */

/* Begin PBXResourcesBuildPhase section */
		6607D45F1D35E7790065B5BF /* Resources */ = {
			isa = PBXResourcesBuildPhase;
			buildActionMask = 2147483647;
			files = (
				6607D4821D35E79C0065B5BF /* SettingMainViewController.xib in Resources */,
				6607D4741D35E7790065B5BF /* LaunchScreen.storyboard in Resources */,
				6607D4711D35E7790065B5BF /* Assets.xcassets in Resources */,
				6607D46F1D35E7790065B5BF /* Main.storyboard in Resources */,
			);
			runOnlyForDeploymentPostprocessing = 0;
		};
/* End PBXResourcesBuildPhase section */

/* Begin PBXSourcesBuildPhase section */
		6607D45D1D35E7790065B5BF /* Sources */ = {
			isa = PBXSourcesBuildPhase;
			buildActionMask = 2147483647;
			files = (
				6607D4811D35E79C0065B5BF /* SettingMainViewController.m in Sources */,
				6607D4C81D35E8260065B5BF /* EMSBLEManager.m in Sources */,
				6607D4691D35E7790065B5BF /* AppDelegate.m in Sources */,
				6607D4661D35E7790065B5BF /* main.m in Sources */,
				668374FC1F99E20B00E3BFC2 /* BLEUtility.m in Sources */,
			);
			runOnlyForDeploymentPostprocessing = 0;
		};
/* End PBXSourcesBuildPhase section */

/* Begin PBXVariantGroup section */
		6607D46D1D35E7790065B5BF /* Main.storyboard */ = {
			isa = PBXVariantGroup;
			children = (
				6607D46E1D35E7790065B5BF /* Base */,
			);
			name = Main.storyboard;
			sourceTree = "<group>";
		};
		6607D4721D35E7790065B5BF /* LaunchScreen.storyboard */ = {
			isa = PBXVariantGroup;
			children = (
				6607D4731D35E7790065B5BF /* Base */,
			);
			name = LaunchScreen.storyboard;
			sourceTree = "<group>";
		};
/* End PBXVariantGroup section */

/* Begin XCBuildConfiguration section */
		6607D4761D35E7790065B5BF /* Debug */ = {
			isa = XCBuildConfiguration;
			buildSettings = {
				ALWAYS_SEARCH_USER_PATHS = NO;
				CLANG_ANALYZER_NONNULL = YES;
				CLANG_CXX_LANGUAGE_STANDARD = "gnu++0x";
				CLANG_CXX_LIBRARY = "libc++";
				CLANG_ENABLE_MODULES = YES;
				CLANG_ENABLE_OBJC_ARC = YES;
				CLANG_WARN_BOOL_CONVERSION = YES;
				CLANG_WARN_CONSTANT_CONVERSION = YES;
				CLANG_WARN_DIRECT_OBJC_ISA_USAGE = YES_ERROR;
				CLANG_WARN_EMPTY_BODY = YES;
				CLANG_WARN_ENUM_CONVERSION = YES;
				CLANG_WARN_INT_CONVERSION = YES;
				CLANG_WARN_OBJC_ROOT_CLASS = YES_ERROR;
				CLANG_WARN_UNREACHABLE_CODE = YES;
				CLANG_WARN__DUPLICATE_METHOD_MATCH = YES;
				"CODE_SIGN_IDENTITY[sdk=iphoneos*]" = "iPhone Developer";
				COPY_PHASE_STRIP = NO;
				DEBUG_INFORMATION_FORMAT = dwarf;
				ENABLE_STRICT_OBJC_MSGSEND = YES;
				ENABLE_TESTABILITY = YES;
				GCC_C_LANGUAGE_STANDARD = gnu99;
				GCC_DYNAMIC_NO_PIC = NO;
				GCC_NO_COMMON_BLOCKS = YES;
				GCC_OPTIMIZATION_LEVEL = 0;
				GCC_PREPROCESSOR_DEFINITIONS = (
					"DEBUG=1",
					"$(inherited)",
				);
				GCC_WARN_64_TO_32_BIT_CONVERSION = YES;
				GCC_WARN_ABOUT_RETURN_TYPE = YES_ERROR;
				GCC_WARN_UNDECLARED_SELECTOR = YES;
				GCC_WARN_UNINITIALIZED_AUTOS = YES_AGGRESSIVE;
				GCC_WARN_UNUSED_FUNCTION = YES;
				GCC_WARN_UNUSED_VARIABLE = YES;
				IPHONEOS_DEPLOYMENT_TARGET = 9.3;
				MTL_ENABLE_DEBUG_INFO = YES;
				ONLY_ACTIVE_ARCH = YES;
				SDKROOT = iphoneos;
			};
			name = Debug;
		};
		6607D4771D35E7790065B5BF /* Release */ = {
			isa = XCBuildConfiguration;
			buildSettings = {
				ALWAYS_SEARCH_USER_PATHS = NO;
				CLANG_ANALYZER_NONNULL = YES;
				CLANG_CXX_LANGUAGE_STANDARD = "gnu++0x";
				CLANG_CXX_LIBRARY = "libc++";
				CLANG_ENABLE_MODULES = YES;
				CLANG_ENABLE_OBJC_ARC = YES;
				CLANG_WARN_BOOL_CONVERSION = YES;
				CLANG_WARN_CONSTANT_CONVERSION = YES;
				CLANG_WARN_DIRECT_OBJC_ISA_USAGE = YES_ERROR;
				CLANG_WARN_EMPTY_BODY = YES;
				CLANG_WARN_ENUM_CONVERSION = YES;
				CLANG_WARN_INT_CONVERSION = YES;
				CLANG_WARN_OBJC_ROOT_CLASS = YES_ERROR;
				CLANG_WARN_UNREACHABLE_CODE = YES;
				CLANG_WARN__DUPLICATE_METHOD_MATCH = YES;
				"CODE_SIGN_IDENTITY[sdk=iphoneos*]" = "iPhone Developer";
				COPY_PHASE_STRIP = NO;
				DEBUG_INFORMATION_FORMAT = "dwarf-with-dsym";
				ENABLE_NS_ASSERTIONS = NO;
				ENABLE_STRICT_OBJC_MSGSEND = YES;
				GCC_C_LANGUAGE_STANDARD = gnu99;
				GCC_NO_COMMON_BLOCKS = YES;
				GCC_WARN_64_TO_32_BIT_CONVERSION = YES;
				GCC_WARN_ABOUT_RETURN_TYPE = YES_ERROR;
				GCC_WARN_UNDECLARED_SELECTOR = YES;
				GCC_WARN_UNINITIALIZED_AUTOS = YES_AGGRESSIVE;
				GCC_WARN_UNUSED_FUNCTION = YES;
				GCC_WARN_UNUSED_VARIABLE = YES;
				IPHONEOS_DEPLOYMENT_TARGET = 9.3;
				MTL_ENABLE_DEBUG_INFO = NO;
				SDKROOT = iphoneos;
				VALIDATE_PRODUCT = YES;
			};
			name = Release;
		};
		6607D4791D35E7790065B5BF /* Debug */ = {
			isa = XCBuildConfiguration;
			buildSettings = {
				ASSETCATALOG_COMPILER_APPICON_NAME = AppIcon;
				CODE_SIGN_IDENTITY = "iPhone Developer";
				"CODE_SIGN_IDENTITY[sdk=iphoneos*]" = "iPhone Developer";
				DEVELOPMENT_TEAM = 8TLJ533VPE;
				INFOPLIST_FILE = EMSDemo/Info.plist;
				IPHONEOS_DEPLOYMENT_TARGET = 7.1;
				LD_RUNPATH_SEARCH_PATHS = "$(inherited) @executable_path/Frameworks";
				PRODUCT_BUNDLE_IDENTIFIER = com.meilixun.EMSDemo2;
				PRODUCT_NAME = "$(TARGET_NAME)";
				PROVISIONING_PROFILE = "";
			};
			name = Debug;
		};
		6607D47A1D35E7790065B5BF /* Release */ = {
			isa = XCBuildConfiguration;
			buildSettings = {
				ASSETCATALOG_COMPILER_APPICON_NAME = AppIcon;
				CODE_SIGN_IDENTITY = "iPhone Developer";
				"CODE_SIGN_IDENTITY[sdk=iphoneos*]" = "iPhone Developer";
				DEVELOPMENT_TEAM = 8TLJ533VPE;
				INFOPLIST_FILE = EMSDemo/Info.plist;
				IPHONEOS_DEPLOYMENT_TARGET = 7.1;
				LD_RUNPATH_SEARCH_PATHS = "$(inherited) @executable_path/Frameworks";
				PRODUCT_BUNDLE_IDENTIFIER = com.meilixun.EMSDemo2;
				PRODUCT_NAME = "$(TARGET_NAME)";
				PROVISIONING_PROFILE = "";
			};
			name = Release;
		};
/* End XCBuildConfiguration section */

/* Begin XCConfigurationList section */
		6607D45C1D35E7790065B5BF /* Build configuration list for PBXProject "EMSDemo" */ = {
			isa = XCConfigurationList;
			buildConfigurations = (
				6607D4761D35E7790065B5BF /* Debug */,
				6607D4771D35E7790065B5BF /* Release */,
			);
			defaultConfigurationIsVisible = 0;
			defaultConfigurationName = Release;
		};
		6607D4781D35E7790065B5BF /* Build configuration list for PBXNativeTarget "EMSDemo" */ = {
			isa = XCConfigurationList;
			buildConfigurations = (
				6607D4791D35E7790065B5BF /* Debug */,
				6607D47A1D35E7790065B5BF /* Release */,
			);
			defaultConfigurationIsVisible = 0;
			defaultConfigurationName = Release;
		};
/* End XCConfigurationList section */
	};
	rootObject = 6607D4591D35E7790065B5BF /* Project object */;
}
